
Microsoft Visual Studio Solution File, Format Version 12.00
# Visual Studio Version 16
VisualStudioVersion = 16.0.32228.343
MinimumVisualStudioVersion = 10.0.40219.1
Project("{FAE04EC0-301F-11D3-BF4B-00C04F79EFBC}") = "aspMVC", "aspMVC\aspMVC.csproj", "{F70ACFAD-FA2E-473D-82D4-8DD77DCFA095}"
EndProject
Global
	GlobalSection(SolutionConfigurationPlatforms) = preSolution
		Debug|Any CPU = Debug|Any CPU
		Release|Any CPU = Release|Any CPU
	EndGlobalSection
	GlobalSection(ProjectConfigurationPlatforms) = postSolution
		{F70ACFAD-FA2E-473D-82D4-8DD77DCFA095}.Debug|Any CPU.ActiveCfg = Debug|Any CPU
		{F70ACFAD-FA2E-473D-82D4-8DD77DCFA095}.Debug|Any CPU.Build.0 = Debug|Any CPU
		{F70ACFAD-FA2E-473D-82D4-8DD77DCFA095}.Release|Any CPU.ActiveCfg = Release|Any CPU
		{F70ACFAD-FA2E-473D-82D4-8DD77DCFA095}.Release|Any CPU.Build.0 = Release|Any CPU
	EndGlobalSection
	GlobalSection(SolutionProperties) = preSolution
		HideSolutionNode = FALSE
	EndGlobalSection
	GlobalSection(ExtensibilityGlobals) = postSolution
		SolutionGuid = {2113C4A5-D152-46C8-BAA2-EFAF5F6BB833}
	EndGlobalSection
EndGlobal
